// !$*UTF8*$!
{
	archiveVersion = 1;
	classes = {
	};
	objectVersion = 55;
	objects = {

/* Begin PBXBuildFile section */
		F10E88C7284CCE1B005E6EDC /* ReminderType.swift in Sources */ = {isa = PBXBuildFile; fileRef = F10E88C6284CCE1B005E6EDC /* ReminderType.swift */; };
		F10E88C9284CD82F005E6EDC /* HabitDetailStatus.swift in Sources */ = {isa = PBXBuildFile; fileRef = F10E88C8284CD82F005E6EDC /* HabitDetailStatus.swift */; };
		F10E88CC284CDEB3005E6EDC /* Realm in Frameworks */ = {isa = PBXBuildFile; productRef = F10E88CB284CDEB3005E6EDC /* Realm */; };
		F10E88CE284CDEB3005E6EDC /* RealmSwift in Frameworks */ = {isa = PBXBuildFile; productRef = F10E88CD284CDEB3005E6EDC /* RealmSwift */; };
		F10E88D2284D05AA005E6EDC /* HabitObject.swift in Sources */ = {isa = PBXBuildFile; fileRef = F10E88D1284D05AA005E6EDC /* HabitObject.swift */; };
		F10E88D4284D0A6D005E6EDC /* HabitDetailObject.swift in Sources */ = {isa = PBXBuildFile; fileRef = F10E88D3284D0A6D005E6EDC /* HabitDetailObject.swift */; };
		F1747751284A38A0009F1EE9 /* DailyHabitApp.swift in Sources */ = {isa = PBXBuildFile; fileRef = F1747741284A389C009F1EE9 /* DailyHabitApp.swift */; };
		F1747752284A38A0009F1EE9 /* DailyHabitApp.swift in Sources */ = {isa = PBXBuildFile; fileRef = F1747741284A389C009F1EE9 /* DailyHabitApp.swift */; };
		F1747755284A38A0009F1EE9 /* Assets.xcassets in Resources */ = {isa = PBXBuildFile; fileRef = F1747743284A38A0009F1EE9 /* Assets.xcassets */; };
		F1747756284A38A0009F1EE9 /* Assets.xcassets in Resources */ = {isa = PBXBuildFile; fileRef = F1747743284A38A0009F1EE9 /* Assets.xcassets */; };
		F1747766284A3A52009F1EE9 /* HabitSummary.swift in Sources */ = {isa = PBXBuildFile; fileRef = F1747765284A3A52009F1EE9 /* HabitSummary.swift */; };
		F1747769284A3A99009F1EE9 /* MainView.swift in Sources */ = {isa = PBXBuildFile; fileRef = F1747768284A3A99009F1EE9 /* MainView.swift */; };
		F174776B284A3BD0009F1EE9 /* HabitGridItem.swift in Sources */ = {isa = PBXBuildFile; fileRef = F174776A284A3BD0009F1EE9 /* HabitGridItem.swift */; };
		F182A855284C5E420069A733 /* AddHabitPresent.swift in Sources */ = {isa = PBXBuildFile; fileRef = F182A854284C5E420069A733 /* AddHabitPresent.swift */; };
		F182A858284C81280069A733 /* ExtendDateFormatter.swift in Sources */ = {isa = PBXBuildFile; fileRef = F182A857284C81280069A733 /* ExtendDateFormatter.swift */; };
		F182A85B284CA89E0069A733 /* HabitDetail.swift in Sources */ = {isa = PBXBuildFile; fileRef = F182A85A284CA89E0069A733 /* HabitDetail.swift */; };
/* End PBXBuildFile section */

/* Begin PBXFileReference section */
		F10E88C6284CCE1B005E6EDC /* ReminderType.swift */ = {isa = PBXFileReference; lastKnownFileType = sourcecode.swift; path = ReminderType.swift; sourceTree = "<group>"; };
		F10E88C8284CD82F005E6EDC /* HabitDetailStatus.swift */ = {isa = PBXFileReference; lastKnownFileType = sourcecode.swift; path = HabitDetailStatus.swift; sourceTree = "<group>"; };
		F10E88D1284D05AA005E6EDC /* HabitObject.swift */ = {isa = PBXFileReference; lastKnownFileType = sourcecode.swift; path = HabitObject.swift; sourceTree = "<group>"; };
		F10E88D3284D0A6D005E6EDC /* HabitDetailObject.swift */ = {isa = PBXFileReference; lastKnownFileType = sourcecode.swift; path = HabitDetailObject.swift; sourceTree = "<group>"; };
		F1747741284A389C009F1EE9 /* DailyHabitApp.swift */ = {isa = PBXFileReference; lastKnownFileType = sourcecode.swift; path = DailyHabitApp.swift; sourceTree = "<group>"; };
		F1747743284A38A0009F1EE9 /* Assets.xcassets */ = {isa = PBXFileReference; lastKnownFileType = folder.assetcatalog; path = Assets.xcassets; sourceTree = "<group>"; };
		F1747748284A38A0009F1EE9 /* DailyHabit.app */ = {isa = PBXFileReference; explicitFileType = wrapper.application; includeInIndex = 0; path = DailyHabit.app; sourceTree = BUILT_PRODUCTS_DIR; };
		F174774E284A38A0009F1EE9 /* DailyHabit.app */ = {isa = PBXFileReference; explicitFileType = wrapper.application; includeInIndex = 0; path = DailyHabit.app; sourceTree = BUILT_PRODUCTS_DIR; };
		F1747750284A38A0009F1EE9 /* macOS.entitlements */ = {isa = PBXFileReference; lastKnownFileType = text.plist.entitlements; path = macOS.entitlements; sourceTree = "<group>"; };
		F1747765284A3A52009F1EE9 /* HabitSummary.swift */ = {isa = PBXFileReference; lastKnownFileType = sourcecode.swift; path = HabitSummary.swift; sourceTree = "<group>"; };
		F1747768284A3A99009F1EE9 /* MainView.swift */ = {isa = PBXFileReference; lastKnownFileType = sourcecode.swift; path = MainView.swift; sourceTree = "<group>"; };
		F174776A284A3BD0009F1EE9 /* HabitGridItem.swift */ = {isa = PBXFileReference; lastKnownFileType = sourcecode.swift; path = HabitGridItem.swift; sourceTree = "<group>"; };
		F182A854284C5E420069A733 /* AddHabitPresent.swift */ = {isa = PBXFileReference; lastKnownFileType = sourcecode.swift; path = AddHabitPresent.swift; sourceTree = "<group>"; };
		F182A857284C81280069A733 /* ExtendDateFormatter.swift */ = {isa = PBXFileReference; lastKnownFileType = sourcecode.swift; path = ExtendDateFormatter.swift; sourceTree = "<group>"; };
		F182A85A284CA89E0069A733 /* HabitDetail.swift */ = {isa = PBXFileReference; lastKnownFileType = sourcecode.swift; path = HabitDetail.swift; sourceTree = "<group>"; };
/* End PBXFileReference section */

/* Begin PBXFrameworksBuildPhase section */
		F1747745284A38A0009F1EE9 /* Frameworks */ = {
			isa = PBXFrameworksBuildPhase;
			buildActionMask = 2147483647;
			files = (
				F10E88CE284CDEB3005E6EDC /* RealmSwift in Frameworks */,
				F10E88CC284CDEB3005E6EDC /* Realm in Frameworks */,
			);
			runOnlyForDeploymentPostprocessing = 0;
		};
		F174774B284A38A0009F1EE9 /* Frameworks */ = {
			isa = PBXFrameworksBuildPhase;
			buildActionMask = 2147483647;
			files = (
			);
			runOnlyForDeploymentPostprocessing = 0;
		};
/* End PBXFrameworksBuildPhase section */

/* Begin PBXGroup section */
		F10E88C5284CCE00005E6EDC /* Enums */ = {
			isa = PBXGroup;
			children = (
				F10E88C6284CCE1B005E6EDC /* ReminderType.swift */,
				F10E88C8284CD82F005E6EDC /* HabitDetailStatus.swift */,
			);
			path = Enums;
			sourceTree = "<group>";
		};
		F10E88CF284CE193005E6EDC /* Data */ = {
			isa = PBXGroup;
			children = (
				F10E88D0284CE1A5005E6EDC /* Objects */,
			);
			path = Data;
			sourceTree = "<group>";
		};
		F10E88D0284CE1A5005E6EDC /* Objects */ = {
			isa = PBXGroup;
			children = (
				F10E88D1284D05AA005E6EDC /* HabitObject.swift */,
				F10E88D3284D0A6D005E6EDC /* HabitDetailObject.swift */,
			);
			path = Objects;
			sourceTree = "<group>";
		};
		F174773B284A389C009F1EE9 = {
			isa = PBXGroup;
			children = (
				F1747740284A389C009F1EE9 /* Shared */,
				F174774F284A38A0009F1EE9 /* macOS */,
				F1747749284A38A0009F1EE9 /* Products */,
			);
			sourceTree = "<group>";
		};
		F1747740284A389C009F1EE9 /* Shared */ = {
			isa = PBXGroup;
			children = (
				F10E88CF284CE193005E6EDC /* Data */,
				F10E88C5284CCE00005E6EDC /* Enums */,
				F182A856284C81110069A733 /* Helpers */,
				F1747760284A39A6009F1EE9 /* Models */,
				F174775F284A399B009F1EE9 /* Views */,
				F1747741284A389C009F1EE9 /* DailyHabitApp.swift */,
				F1747743284A38A0009F1EE9 /* Assets.xcassets */,
				F1747768284A3A99009F1EE9 /* MainView.swift */,
			);
			path = Shared;
			sourceTree = "<group>";
		};
		F1747749284A38A0009F1EE9 /* Products */ = {
			isa = PBXGroup;
			children = (
				F1747748284A38A0009F1EE9 /* DailyHabit.app */,
				F174774E284A38A0009F1EE9 /* DailyHabit.app */,
			);
			name = Products;
			sourceTree = "<group>";
		};
		F174774F284A38A0009F1EE9 /* macOS */ = {
			isa = PBXGroup;
			children = (
				F1747750284A38A0009F1EE9 /* macOS.entitlements */,
			);
			path = macOS;
			sourceTree = "<group>";
		};
		F174775F284A399B009F1EE9 /* Views */ = {
			isa = PBXGroup;
			children = (
				F1747763284A39FA009F1EE9 /* Habit */,
				F1747762284A39E2009F1EE9 /* Share */,
			);
			path = Views;
			sourceTree = "<group>";
		};
		F1747760284A39A6009F1EE9 /* Models */ = {
			isa = PBXGroup;
			children = (
			);
			path = Models;
			sourceTree = "<group>";
		};
		F1747762284A39E2009F1EE9 /* Share */ = {
			isa = PBXGroup;
			children = (
				F174776A284A3BD0009F1EE9 /* HabitGridItem.swift */,
			);
			path = Share;
			sourceTree = "<group>";
		};
		F1747763284A39FA009F1EE9 /* Habit */ = {
			isa = PBXGroup;
			children = (
				F182A859284CA88B0069A733 /* Detail */,
				F1747764284A3A33009F1EE9 /* Summary */,
			);
			path = Habit;
			sourceTree = "<group>";
		};
		F1747764284A3A33009F1EE9 /* Summary */ = {
			isa = PBXGroup;
			children = (
				F1747765284A3A52009F1EE9 /* HabitSummary.swift */,
				F182A854284C5E420069A733 /* AddHabitPresent.swift */,
			);
			path = Summary;
			sourceTree = "<group>";
		};
		F182A856284C81110069A733 /* Helpers */ = {
			isa = PBXGroup;
			children = (
				F182A857284C81280069A733 /* ExtendDateFormatter.swift */,
			);
			path = Helpers;
			sourceTree = "<group>";
		};
		F182A859284CA88B0069A733 /* Detail */ = {
			isa = PBXGroup;
			children = (
				F182A85A284CA89E0069A733 /* HabitDetail.swift */,
			);
			path = Detail;
			sourceTree = "<group>";
		};
/* End PBXGroup section */

/* Begin PBXNativeTarget section */
		F1747747284A38A0009F1EE9 /* DailyHabit (iOS) */ = {
			isa = PBXNativeTarget;
			buildConfigurationList = F1747759284A38A0009F1EE9 /* Build configuration list for PBXNativeTarget "DailyHabit (iOS)" */;
			buildPhases = (
				F1747744284A38A0009F1EE9 /* Sources */,
				F1747745284A38A0009F1EE9 /* Frameworks */,
				F1747746284A38A0009F1EE9 /* Resources */,
			);
			buildRules = (
			);
			dependencies = (
			);
			name = "DailyHabit (iOS)";
			packageProductDependencies = (
				F10E88CB284CDEB3005E6EDC /* Realm */,
				F10E88CD284CDEB3005E6EDC /* RealmSwift */,
			);
			productName = "DailyHabit (iOS)";
			productReference = F1747748284A38A0009F1EE9 /* DailyHabit.app */;
			productType = "com.apple.product-type.application";
		};
		F174774D284A38A0009F1EE9 /* DailyHabit (macOS) */ = {
			isa = PBXNativeTarget;
			buildConfigurationList = F174775C284A38A0009F1EE9 /* Build configuration list for PBXNativeTarget "DailyHabit (macOS)" */;
			buildPhases = (
				F174774A284A38A0009F1EE9 /* Sources */,
				F174774B284A38A0009F1EE9 /* Frameworks */,
				F174774C284A38A0009F1EE9 /* Resources */,
			);
			buildRules = (
			);
			dependencies = (
			);
			name = "DailyHabit (macOS)";
			productName = "DailyHabit (macOS)";
			productReference = F174774E284A38A0009F1EE9 /* DailyHabit.app */;
			productType = "com.apple.product-type.application";
		};
/* End PBXNativeTarget section */

/* Begin PBXProject section */
		F174773C284A389C009F1EE9 /* Project object */ = {
			isa = PBXProject;
			attributes = {
				BuildIndependentTargetsInParallel = 1;
				LastSwiftUpdateCheck = 1340;
				LastUpgradeCheck = 1340;
				TargetAttributes = {
					F1747747284A38A0009F1EE9 = {
						CreatedOnToolsVersion = 13.4;
					};
					F174774D284A38A0009F1EE9 = {
						CreatedOnToolsVersion = 13.4;
					};
				};
			};
			buildConfigurationList = F174773F284A389C009F1EE9 /* Build configuration list for PBXProject "DailyHabit" */;
			compatibilityVersion = "Xcode 13.0";
			developmentRegion = en;
			hasScannedForEncodings = 0;
			knownRegions = (
				en,
				Base,
			);
			mainGroup = F174773B284A389C009F1EE9;
			packageReferences = (
				F10E88CA284CDEB3005E6EDC /* XCRemoteSwiftPackageReference "realm-swift" */,
			);
			productRefGroup = F1747749284A38A0009F1EE9 /* Products */;
			projectDirPath = "";
			projectRoot = "";
			targets = (
				F1747747284A38A0009F1EE9 /* DailyHabit (iOS) */,
				F174774D284A38A0009F1EE9 /* DailyHabit (macOS) */,
			);
		};
/* End PBXProject section */

/* Begin PBXResourcesBuildPhase section */
		F1747746284A38A0009F1EE9 /* Resources */ = {
			isa = PBXResourcesBuildPhase;
			buildActionMask = 2147483647;
			files = (
				F1747755284A38A0009F1EE9 /* Assets.xcassets in Resources */,
			);
			runOnlyForDeploymentPostprocessing = 0;
		};
		F174774C284A38A0009F1EE9 /* Resources */ = {
			isa = PBXResourcesBuildPhase;
			buildActionMask = 2147483647;
			files = (
				F1747756284A38A0009F1EE9 /* Assets.xcassets in Resources */,
			);
			runOnlyForDeploymentPostprocessing = 0;
		};
/* End PBXResourcesBuildPhase section */

/* Begin PBXSourcesBuildPhase section */
		F1747744284A38A0009F1EE9 /* Sources */ = {
			isa = PBXSourcesBuildPhase;
			buildActionMask = 2147483647;
			files = (
				F1747751284A38A0009F1EE9 /* DailyHabitApp.swift in Sources */,
				F1747769284A3A99009F1EE9 /* MainView.swift in Sources */,
				F182A855284C5E420069A733 /* AddHabitPresent.swift in Sources */,
				F182A85B284CA89E0069A733 /* HabitDetail.swift in Sources */,
				F10E88D2284D05AA005E6EDC /* HabitObject.swift in Sources */,
				F10E88C7284CCE1B005E6EDC /* ReminderType.swift in Sources */,
				F1747766284A3A52009F1EE9 /* HabitSummary.swift in Sources */,
				F10E88D4284D0A6D005E6EDC /* HabitDetailObject.swift in Sources */,
				F182A858284C81280069A733 /* ExtendDateFormatter.swift in Sources */,
				F174776B284A3BD0009F1EE9 /* HabitGridItem.swift in Sources */,
				F10E88C9284CD82F005E6EDC /* HabitDetailStatus.swift in Sources */,
			);
			runOnlyForDeploymentPostprocessing = 0;
		};
		F174774A284A38A0009F1EE9 /* Sources */ = {
			isa = PBXSourcesBuildPhase;
			buildActionMask = 2147483647;
			files = (
				F1747752284A38A0009F1EE9 /* DailyHabitApp.swift in Sources */,
			);
			runOnlyForDeploymentPostprocessing = 0;
		};
/* End PBXSourcesBuildPhase section */

/* Begin XCBuildConfiguration section */
		F1747757284A38A0009F1EE9 /* Debug */ = {
			isa = XCBuildConfiguration;
			buildSettings = {
				ALWAYS_SEARCH_USER_PATHS = NO;
				CLANG_ANALYZER_NONNULL = YES;
				CLANG_ANALYZER_NUMBER_OBJECT_CONVERSION = YES_AGGRESSIVE;
				CLANG_CXX_LANGUAGE_STANDARD = "gnu++17";
				CLANG_ENABLE_MODULES = YES;
				CLANG_ENABLE_OBJC_ARC = YES;
				CLANG_ENABLE_OBJC_WEAK = YES;
				CLANG_WARN_BLOCK_CAPTURE_AUTORELEASING = YES;
				CLANG_WARN_BOOL_CONVERSION = YES;
				CLANG_WARN_COMMA = YES;
				CLANG_WARN_CONSTANT_CONVERSION = YES;
				CLANG_WARN_DEPRECATED_OBJC_IMPLEMENTATIONS = YES;
				CLANG_WARN_DIRECT_OBJC_ISA_USAGE = YES_ERROR;
				CLANG_WARN_DOCUMENTATION_COMMENTS = YES;
				CLANG_WARN_EMPTY_BODY = YES;
				CLANG_WARN_ENUM_CONVERSION = YES;
				CLANG_WARN_INFINITE_RECURSION = YES;
				CLANG_WARN_INT_CONVERSION = YES;
				CLANG_WARN_NON_LITERAL_NULL_CONVERSION = YES;
				CLANG_WARN_OBJC_IMPLICIT_RETAIN_SELF = YES;
				CLANG_WARN_OBJC_LITERAL_CONVERSION = YES;
				CLANG_WARN_OBJC_ROOT_CLASS = YES_ERROR;
				CLANG_WARN_QUOTED_INCLUDE_IN_FRAMEWORK_HEADER = YES;
				CLANG_WARN_RANGE_LOOP_ANALYSIS = YES;
				CLANG_WARN_STRICT_PROTOTYPES = YES;
				CLANG_WARN_SUSPICIOUS_MOVE = YES;
				CLANG_WARN_UNGUARDED_AVAILABILITY = YES_AGGRESSIVE;
				CLANG_WARN_UNREACHABLE_CODE = YES;
				CLANG_WARN__DUPLICATE_METHOD_MATCH = YES;
				COPY_PHASE_STRIP = NO;
				DEBUG_INFORMATION_FORMAT = dwarf;
				ENABLE_STRICT_OBJC_MSGSEND = YES;
				ENABLE_TESTABILITY = YES;
				GCC_C_LANGUAGE_STANDARD = gnu11;
				GCC_DYNAMIC_NO_PIC = NO;
				GCC_NO_COMMON_BLOCKS = YES;
				GCC_OPTIMIZATION_LEVEL = 0;
				GCC_PREPROCESSOR_DEFINITIONS = (
					"DEBUG=1",
					"$(inherited)",
				);
				GCC_WARN_64_TO_32_BIT_CONVERSION = YES;
				GCC_WARN_ABOUT_RETURN_TYPE = YES_ERROR;
				GCC_WARN_UNDECLARED_SELECTOR = YES;
				GCC_WARN_UNINITIALIZED_AUTOS = YES_AGGRESSIVE;
				GCC_WARN_UNUSED_FUNCTION = YES;
				GCC_WARN_UNUSED_VARIABLE = YES;
				MTL_ENABLE_DEBUG_INFO = INCLUDE_SOURCE;
				MTL_FAST_MATH = YES;
				ONLY_ACTIVE_ARCH = YES;
				SWIFT_ACTIVE_COMPILATION_CONDITIONS = DEBUG;
				SWIFT_OPTIMIZATION_LEVEL = "-Onone";
			};
			name = Debug;
		};
		F1747758284A38A0009F1EE9 /* Release */ = {
			isa = XCBuildConfiguration;
			buildSettings = {
				ALWAYS_SEARCH_USER_PATHS = NO;
				CLANG_ANALYZER_NONNULL = YES;
				CLANG_ANALYZER_NUMBER_OBJECT_CONVERSION = YES_AGGRESSIVE;
				CLANG_CXX_LANGUAGE_STANDARD = "gnu++17";
				CLANG_ENABLE_MODULES = YES;
				CLANG_ENABLE_OBJC_ARC = YES;
				CLANG_ENABLE_OBJC_WEAK = YES;
				CLANG_WARN_BLOCK_CAPTURE_AUTORELEASING = YES;
				CLANG_WARN_BOOL_CONVERSION = YES;
				CLANG_WARN_COMMA = YES;
				CLANG_WARN_CONSTANT_CONVERSION = YES;
				CLANG_WARN_DEPRECATED_OBJC_IMPLEMENTATIONS = YES;
				CLANG_WARN_DIRECT_OBJC_ISA_USAGE = YES_ERROR;
				CLANG_WARN_DOCUMENTATION_COMMENTS = YES;
				CLANG_WARN_EMPTY_BODY = YES;
				CLANG_WARN_ENUM_CONVERSION = YES;
				CLANG_WARN_INFINITE_RECURSION = YES;
				CLANG_WARN_INT_CONVERSION = YES;
				CLANG_WARN_NON_LITERAL_NULL_CONVERSION = YES;
				CLANG_WARN_OBJC_IMPLICIT_RETAIN_SELF = YES;
				CLANG_WARN_OBJC_LITERAL_CONVERSION = YES;
				CLANG_WARN_OBJC_ROOT_CLASS = YES_ERROR;
				CLANG_WARN_QUOTED_INCLUDE_IN_FRAMEWORK_HEADER = YES;
				CLANG_WARN_RANGE_LOOP_ANALYSIS = YES;
				CLANG_WARN_STRICT_PROTOTYPES = YES;
				CLANG_WARN_SUSPICIOUS_MOVE = YES;
				CLANG_WARN_UNGUARDED_AVAILABILITY = YES_AGGRESSIVE;
				CLANG_WARN_UNREACHABLE_CODE = YES;
				CLANG_WARN__DUPLICATE_METHOD_MATCH = YES;
				COPY_PHASE_STRIP = NO;
				DEBUG_INFORMATION_FORMAT = "dwarf-with-dsym";
				ENABLE_NS_ASSERTIONS = NO;
				ENABLE_STRICT_OBJC_MSGSEND = YES;
				GCC_C_LANGUAGE_STANDARD = gnu11;
				GCC_NO_COMMON_BLOCKS = YES;
				GCC_WARN_64_TO_32_BIT_CONVERSION = YES;
				GCC_WARN_ABOUT_RETURN_TYPE = YES_ERROR;
				GCC_WARN_UNDECLARED_SELECTOR = YES;
				GCC_WARN_UNINITIALIZED_AUTOS = YES_AGGRESSIVE;
				GCC_WARN_UNUSED_FUNCTION = YES;
				GCC_WARN_UNUSED_VARIABLE = YES;
				MTL_ENABLE_DEBUG_INFO = NO;
				MTL_FAST_MATH = YES;
				SWIFT_COMPILATION_MODE = wholemodule;
				SWIFT_OPTIMIZATION_LEVEL = "-O";
			};
			name = Release;
		};
		F174775A284A38A0009F1EE9 /* Debug */ = {
			isa = XCBuildConfiguration;
			buildSettings = {
				ASSETCATALOG_COMPILER_APPICON_NAME = AppIcon;
				ASSETCATALOG_COMPILER_GLOBAL_ACCENT_COLOR_NAME = AccentColor;
				CODE_SIGN_STYLE = Automatic;
				CURRENT_PROJECT_VERSION = 1;
				DEVELOPMENT_TEAM = 7KP9GUGDQ4;
				ENABLE_PREVIEWS = YES;
				GENERATE_INFOPLIST_FILE = YES;
				INFOPLIST_KEY_UIApplicationSceneManifest_Generation = YES;
				INFOPLIST_KEY_UIApplicationSupportsIndirectInputEvents = YES;
				INFOPLIST_KEY_UILaunchScreen_Generation = YES;
				INFOPLIST_KEY_UISupportedInterfaceOrientations = UIInterfaceOrientationPortrait;
				INFOPLIST_KEY_UISupportedInterfaceOrientations_iPad = UIInterfaceOrientationPortrait;
				INFOPLIST_KEY_UISupportedInterfaceOrientations_iPhone = UIInterfaceOrientationPortrait;
				IPHONEOS_DEPLOYMENT_TARGET = 15.5;
				LD_RUNPATH_SEARCH_PATHS = (
					"$(inherited)",
					"@executable_path/Frameworks",
				);
				MARKETING_VERSION = 1.0;
				PRODUCT_BUNDLE_IDENTIFIER = com.thcloc.dailyhabit.DailyHabit;
				PRODUCT_NAME = DailyHabit;
				SDKROOT = iphoneos;
				SWIFT_EMIT_LOC_STRINGS = YES;
				SWIFT_VERSION = 5.0;
				TARGETED_DEVICE_FAMILY = "1,2";
			};
			name = Debug;
		};
		F174775B284A38A0009F1EE9 /* Release */ = {
			isa = XCBuildConfiguration;
			buildSettings = {
				ASSETCATALOG_COMPILER_APPICON_NAME = AppIcon;
				ASSETCATALOG_COMPILER_GLOBAL_ACCENT_COLOR_NAME = AccentColor;
				CODE_SIGN_STYLE = Automatic;
				CURRENT_PROJECT_VERSION = 1;
				DEVELOPMENT_TEAM = 7KP9GUGDQ4;
				ENABLE_PREVIEWS = YES;
				GENERATE_INFOPLIST_FILE = YES;
				INFOPLIST_KEY_UIApplicationSceneManifest_Generation = YES;
				INFOPLIST_KEY_UIApplicationSupportsIndirectInputEvents = YES;
				INFOPLIST_KEY_UILaunchScreen_Generation = YES;
				INFOPLIST_KEY_UISupportedInterfaceOrientations = UIInterfaceOrientationPortrait;
				INFOPLIST_KEY_UISupportedInterfaceOrientations_iPad = UIInterfaceOrientationPortrait;
				INFOPLIST_KEY_UISupportedInterfaceOrientations_iPhone = UIInterfaceOrientationPortrait;
				IPHONEOS_DEPLOYMENT_TARGET = 15.5;
				LD_RUNPATH_SEARCH_PATHS = (
					"$(inherited)",
					"@executable_path/Frameworks",
				);
				MARKETING_VERSION = 1.0;
				PRODUCT_BUNDLE_IDENTIFIER = com.thcloc.dailyhabit.DailyHabit;
				PRODUCT_NAME = DailyHabit;
				SDKROOT = iphoneos;
				SWIFT_EMIT_LOC_STRINGS = YES;
				SWIFT_VERSION = 5.0;
				TARGETED_DEVICE_FAMILY = "1,2";
				VALIDATE_PRODUCT = YES;
			};
			name = Release;
		};
		F174775D284A38A0009F1EE9 /* Debug */ = {
			isa = XCBuildConfiguration;
			buildSettings = {
				ASSETCATALOG_COMPILER_APPICON_NAME = AppIcon;
				ASSETCATALOG_COMPILER_GLOBAL_ACCENT_COLOR_NAME = AccentColor;
				CODE_SIGN_ENTITLEMENTS = macOS/macOS.entitlements;
				CODE_SIGN_STYLE = Automatic;
				COMBINE_HIDPI_IMAGES = YES;
				CURRENT_PROJECT_VERSION = 1;
				DEVELOPMENT_TEAM = 7KP9GUGDQ4;
				ENABLE_HARDENED_RUNTIME = YES;
				ENABLE_PREVIEWS = YES;
				GENERATE_INFOPLIST_FILE = YES;
				INFOPLIST_KEY_NSHumanReadableCopyright = "";
				LD_RUNPATH_SEARCH_PATHS = (
					"$(inherited)",
					"@executable_path/../Frameworks",
				);
				MACOSX_DEPLOYMENT_TARGET = 12.3;
				MARKETING_VERSION = 1.0;
				PRODUCT_BUNDLE_IDENTIFIER = com.thcloc.dailyhabit.DailyHabit;
				PRODUCT_NAME = DailyHabit;
				SDKROOT = macosx;
				SWIFT_EMIT_LOC_STRINGS = YES;
				SWIFT_VERSION = 5.0;
			};
			name = Debug;
		};
		F174775E284A38A0009F1EE9 /* Release */ = {
			isa = XCBuildConfiguration;
			buildSettings = {
				ASSETCATALOG_COMPILER_APPICON_NAME = AppIcon;
				ASSETCATALOG_COMPILER_GLOBAL_ACCENT_COLOR_NAME = AccentColor;
				CODE_SIGN_ENTITLEMENTS = macOS/macOS.entitlements;
				CODE_SIGN_STYLE = Automatic;
				COMBINE_HIDPI_IMAGES = YES;
				CURRENT_PROJECT_VERSION = 1;
				DEVELOPMENT_TEAM = 7KP9GUGDQ4;
				ENABLE_HARDENED_RUNTIME = YES;
				ENABLE_PREVIEWS = YES;
				GENERATE_INFOPLIST_FILE = YES;
				INFOPLIST_KEY_NSHumanReadableCopyright = "";
				LD_RUNPATH_SEARCH_PATHS = (
					"$(inherited)",
					"@executable_path/../Frameworks",
				);
				MACOSX_DEPLOYMENT_TARGET = 12.3;
				MARKETING_VERSION = 1.0;
				PRODUCT_BUNDLE_IDENTIFIER = com.thcloc.dailyhabit.DailyHabit;
				PRODUCT_NAME = DailyHabit;
				SDKROOT = macosx;
				SWIFT_EMIT_LOC_STRINGS = YES;
				SWIFT_VERSION = 5.0;
			};
			name = Release;
		};
/* End XCBuildConfiguration section */

/* Begin XCConfigurationList section */
		F174773F284A389C009F1EE9 /* Build configuration list for PBXProject "DailyHabit" */ = {
			isa = XCConfigurationList;
			buildConfigurations = (
				F1747757284A38A0009F1EE9 /* Debug */,
				F1747758284A38A0009F1EE9 /* Release */,
			);
			defaultConfigurationIsVisible = 0;
			defaultConfigurationName = Release;
		};
		F1747759284A38A0009F1EE9 /* Build configuration list for PBXNativeTarget "DailyHabit (iOS)" */ = {
			isa = XCConfigurationList;
			buildConfigurations = (
				F174775A284A38A0009F1EE9 /* Debug */,
				F174775B284A38A0009F1EE9 /* Release */,
			);
			defaultConfigurationIsVisible = 0;
			defaultConfigurationName = Release;
		};
		F174775C284A38A0009F1EE9 /* Build configuration list for PBXNativeTarget "DailyHabit (macOS)" */ = {
			isa = XCConfigurationList;
			buildConfigurations = (
				F174775D284A38A0009F1EE9 /* Debug */,
				F174775E284A38A0009F1EE9 /* Release */,
			);
			defaultConfigurationIsVisible = 0;
			defaultConfigurationName = Release;
		};
/* End XCConfigurationList section */

/* Begin XCRemoteSwiftPackageReference section */
		F10E88CA284CDEB3005E6EDC /* XCRemoteSwiftPackageReference "realm-swift" */ = {
			isa = XCRemoteSwiftPackageReference;
			repositoryURL = "https://github.com/realm/realm-swift";
			requirement = {
				branch = master;
				kind = branch;
			};
		};
/* End XCRemoteSwiftPackageReference section */

/* Begin XCSwiftPackageProductDependency section */
		F10E88CB284CDEB3005E6EDC /* Realm */ = {
			isa = XCSwiftPackageProductDependency;
			package = F10E88CA284CDEB3005E6EDC /* XCRemoteSwiftPackageReference "realm-swift" */;
			productName = Realm;
		};
		F10E88CD284CDEB3005E6EDC /* RealmSwift */ = {
			isa = XCSwiftPackageProductDependency;
			package = F10E88CA284CDEB3005E6EDC /* XCRemoteSwiftPackageReference "realm-swift" */;
			productName = RealmSwift;
		};
/* End XCSwiftPackageProductDependency section */
	};
	rootObject = F174773C284A389C009F1EE9 /* Project object */;
}
